
Microsoft Visual Studio Solution File, Format Version 12.00
# Visual Studio Version 16
VisualStudioVersion = 16.0.31729.503
MinimumVisualStudioVersion = 10.0.40219.1
Project("{FAE04EC0-301F-11D3-BF4B-00C04F79EFBC}") = "indexer", "indexer\indexer.csproj", "{D5098F01-769C-4403-B9BA-98779A9B4307}"
EndProject
Global
	GlobalSection(SolutionConfigurationPlatforms) = preSolution
		Debug|Any CPU = Debug|Any CPU
		Release|Any CPU = Release|Any CPU
	EndGlobalSection
	GlobalSection(ProjectConfigurationPlatforms) = postSolution
		{D5098F01-769C-4403-B9BA-98779A9B4307}.Debug|Any CPU.ActiveCfg = Debug|Any CPU
		{D5098F01-769C-4403-B9BA-98779A9B4307}.Debug|Any CPU.Build.0 = Debug|Any CPU
		{D5098F01-769C-4403-B9BA-98779A9B4307}.Release|Any CPU.ActiveCfg = Release|Any CPU
		{D5098F01-769C-4403-B9BA-98779A9B4307}.Release|Any CPU.Build.0 = Release|Any CPU
	EndGlobalSection
	GlobalSection(SolutionProperties) = preSolution
		HideSolutionNode = FALSE
	EndGlobalSection
	GlobalSection(ExtensibilityGlobals) = postSolution
		SolutionGuid = {A87E5E3F-E70C-4FCC-A053-FB8236A188C3}
	EndGlobalSection
EndGlobal
