
Microsoft Visual Studio Solution File, Format Version 12.00
# Visual Studio Version 17
VisualStudioVersion = 17.2.32630.192
MinimumVisualStudioVersion = 10.0.40219.1
Project("{FAE04EC0-301F-11D3-BF4B-00C04F79EFBC}") = "GenericYapilar", "ConsoleApp1\GenericYapilar.csproj", "{B75AD884-D26D-4ABB-95D6-B14F31B311F2}"
EndProject
Project("{FAE04EC0-301F-11D3-BF4B-00C04F79EFBC}") = "GenericYapilar2", "GenericYapilar2\GenericYapilar2.csproj", "{919CD621-763B-4C6E-9CBE-1D9F0F649EDA}"
EndProject
Project("{FAE04EC0-301F-11D3-BF4B-00C04F79EFBC}") = "OOP2", "OOP2\OOP2.csproj", "{EFD63B73-3238-49BD-84C7-CEEFBC10AF48}"
EndProject
Project("{FAE04EC0-301F-11D3-BF4B-00C04F79EFBC}") = "OOP3", "OOP3\OOP3.csproj", "{4A2BC4BA-DF13-4A78-BD85-12C0A9F9D355}"
EndProject
Project("{FAE04EC0-301F-11D3-BF4B-00C04F79EFBC}") = "OOP3Practice", "OOP3Practice\OOP3Practice.csproj", "{C0DB1C61-241D-4F0B-BC04-E62CBA083F66}"
EndProject
Global
	GlobalSection(SolutionConfigurationPlatforms) = preSolution
		Debug|Any CPU = Debug|Any CPU
		Release|Any CPU = Release|Any CPU
	EndGlobalSection
	GlobalSection(ProjectConfigurationPlatforms) = postSolution
		{B75AD884-D26D-4ABB-95D6-B14F31B311F2}.Debug|Any CPU.ActiveCfg = Debug|Any CPU
		{B75AD884-D26D-4ABB-95D6-B14F31B311F2}.Debug|Any CPU.Build.0 = Debug|Any CPU
		{B75AD884-D26D-4ABB-95D6-B14F31B311F2}.Release|Any CPU.ActiveCfg = Release|Any CPU
		{B75AD884-D26D-4ABB-95D6-B14F31B311F2}.Release|Any CPU.Build.0 = Release|Any CPU
		{919CD621-763B-4C6E-9CBE-1D9F0F649EDA}.Debug|Any CPU.ActiveCfg = Debug|Any CPU
		{919CD621-763B-4C6E-9CBE-1D9F0F649EDA}.Debug|Any CPU.Build.0 = Debug|Any CPU
		{919CD621-763B-4C6E-9CBE-1D9F0F649EDA}.Release|Any CPU.ActiveCfg = Release|Any CPU
		{919CD621-763B-4C6E-9CBE-1D9F0F649EDA}.Release|Any CPU.Build.0 = Release|Any CPU
		{EFD63B73-3238-49BD-84C7-CEEFBC10AF48}.Debug|Any CPU.ActiveCfg = Debug|Any CPU
		{EFD63B73-3238-49BD-84C7-CEEFBC10AF48}.Debug|Any CPU.Build.0 = Debug|Any CPU
		{EFD63B73-3238-49BD-84C7-CEEFBC10AF48}.Release|Any CPU.ActiveCfg = Release|Any CPU
		{EFD63B73-3238-49BD-84C7-CEEFBC10AF48}.Release|Any CPU.Build.0 = Release|Any CPU
		{4A2BC4BA-DF13-4A78-BD85-12C0A9F9D355}.Debug|Any CPU.ActiveCfg = Debug|Any CPU
		{4A2BC4BA-DF13-4A78-BD85-12C0A9F9D355}.Debug|Any CPU.Build.0 = Debug|Any CPU
		{4A2BC4BA-DF13-4A78-BD85-12C0A9F9D355}.Release|Any CPU.ActiveCfg = Release|Any CPU
		{4A2BC4BA-DF13-4A78-BD85-12C0A9F9D355}.Release|Any CPU.Build.0 = Release|Any CPU
		{C0DB1C61-241D-4F0B-BC04-E62CBA083F66}.Debug|Any CPU.ActiveCfg = Debug|Any CPU
		{C0DB1C61-241D-4F0B-BC04-E62CBA083F66}.Debug|Any CPU.Build.0 = Debug|Any CPU
		{C0DB1C61-241D-4F0B-BC04-E62CBA083F66}.Release|Any CPU.ActiveCfg = Release|Any CPU
		{C0DB1C61-241D-4F0B-BC04-E62CBA083F66}.Release|Any CPU.Build.0 = Release|Any CPU
	EndGlobalSection
	GlobalSection(SolutionProperties) = preSolution
		HideSolutionNode = FALSE
	EndGlobalSection
	GlobalSection(ExtensibilityGlobals) = postSolution
		SolutionGuid = {7F883056-A3DF-46C1-BCBF-2978967C5292}
	EndGlobalSection
EndGlobal
