
Microsoft Visual Studio Solution File, Format Version 12.00
# Visual Studio Version 16
VisualStudioVersion = 16.0.31727.386
MinimumVisualStudioVersion = 10.0.40219.1
Project("{FAE04EC0-301F-11D3-BF4B-00C04F79EFBC}") = "thiskomutu", "thiskomutu.csproj", "{70826134-7D3A-4EE1-B7D8-F175A279B040}"
EndProject
Global
	GlobalSection(SolutionConfigurationPlatforms) = preSolution
		Debug|Any CPU = Debug|Any CPU
		Release|Any CPU = Release|Any CPU
	EndGlobalSection
	GlobalSection(ProjectConfigurationPlatforms) = postSolution
		{70826134-7D3A-4EE1-B7D8-F175A279B040}.Debug|Any CPU.ActiveCfg = Debug|Any CPU
		{70826134-7D3A-4EE1-B7D8-F175A279B040}.Debug|Any CPU.Build.0 = Debug|Any CPU
		{70826134-7D3A-4EE1-B7D8-F175A279B040}.Release|Any CPU.ActiveCfg = Release|Any CPU
		{70826134-7D3A-4EE1-B7D8-F175A279B040}.Release|Any CPU.Build.0 = Release|Any CPU
	EndGlobalSection
	GlobalSection(SolutionProperties) = preSolution
		HideSolutionNode = FALSE
	EndGlobalSection
	GlobalSection(ExtensibilityGlobals) = postSolution
		SolutionGuid = {2264C3DE-665D-43BE-8CCC-EA083A7765AF}
	EndGlobalSection
EndGlobal
