
Microsoft Visual Studio Solution File, Format Version 12.00
# Visual Studio Version 16
VisualStudioVersion = 16.0.31729.503
MinimumVisualStudioVersion = 10.0.40219.1
Project("{FAE04EC0-301F-11D3-BF4B-00C04F79EFBC}") = "parametrelifonksiyontanimlama", "parametrelifonksiyontanimlama\parametrelifonksiyontanimlama.csproj", "{4E992527-9977-4AC6-9884-446C3AEF1134}"
EndProject
Global
	GlobalSection(SolutionConfigurationPlatforms) = preSolution
		Debug|Any CPU = Debug|Any CPU
		Release|Any CPU = Release|Any CPU
	EndGlobalSection
	GlobalSection(ProjectConfigurationPlatforms) = postSolution
		{4E992527-9977-4AC6-9884-446C3AEF1134}.Debug|Any CPU.ActiveCfg = Debug|Any CPU
		{4E992527-9977-4AC6-9884-446C3AEF1134}.Debug|Any CPU.Build.0 = Debug|Any CPU
		{4E992527-9977-4AC6-9884-446C3AEF1134}.Release|Any CPU.ActiveCfg = Release|Any CPU
		{4E992527-9977-4AC6-9884-446C3AEF1134}.Release|Any CPU.Build.0 = Release|Any CPU
	EndGlobalSection
	GlobalSection(SolutionProperties) = preSolution
		HideSolutionNode = FALSE
	EndGlobalSection
	GlobalSection(ExtensibilityGlobals) = postSolution
		SolutionGuid = {720A8750-0376-491D-9948-98B65DFF2283}
	EndGlobalSection
EndGlobal
