
Microsoft Visual Studio Solution File, Format Version 12.00
# Visual Studio Version 16
VisualStudioVersion = 16.0.31729.503
MinimumVisualStudioVersion = 10.0.40219.1
Project("{FAE04EC0-301F-11D3-BF4B-00C04F79EFBC}") = "parametreicermeyenfonksiyon", "parametreicermeyenfonksiyon\parametreicermeyenfonksiyon.csproj", "{ECD553B4-7F36-4F17-B040-1C16EDC51A58}"
EndProject
Global
	GlobalSection(SolutionConfigurationPlatforms) = preSolution
		Debug|Any CPU = Debug|Any CPU
		Release|Any CPU = Release|Any CPU
	EndGlobalSection
	GlobalSection(ProjectConfigurationPlatforms) = postSolution
		{ECD553B4-7F36-4F17-B040-1C16EDC51A58}.Debug|Any CPU.ActiveCfg = Debug|Any CPU
		{ECD553B4-7F36-4F17-B040-1C16EDC51A58}.Debug|Any CPU.Build.0 = Debug|Any CPU
		{ECD553B4-7F36-4F17-B040-1C16EDC51A58}.Release|Any CPU.ActiveCfg = Release|Any CPU
		{ECD553B4-7F36-4F17-B040-1C16EDC51A58}.Release|Any CPU.Build.0 = Release|Any CPU
	EndGlobalSection
	GlobalSection(SolutionProperties) = preSolution
		HideSolutionNode = FALSE
	EndGlobalSection
	GlobalSection(ExtensibilityGlobals) = postSolution
		SolutionGuid = {CADD38FC-670F-4499-8435-2605B1265A1F}
	EndGlobalSection
EndGlobal
